
Microsoft Visual Studio Solution File, Format Version 12.00
# Visual Studio Version 16
VisualStudioVersion = 16.0.31911.196
MinimumVisualStudioVersion = 10.0.40219.1
Project("{FAE04EC0-301F-11D3-BF4B-00C04F79EFBC}") = "AT_Guilherme_Duques", "AT_Guilherme_Duques\AT_Guilherme_Duques.csproj", "{113EB92C-7F00-4F77-B69C-CA1E9A8E8EB2}"
EndProject
Global
	GlobalSection(SolutionConfigurationPlatforms) = preSolution
		Debug|Any CPU = Debug|Any CPU
		Release|Any CPU = Release|Any CPU
	EndGlobalSection
	GlobalSection(ProjectConfigurationPlatforms) = postSolution
		{113EB92C-7F00-4F77-B69C-CA1E9A8E8EB2}.Debug|Any CPU.ActiveCfg = Debug|Any CPU
		{113EB92C-7F00-4F77-B69C-CA1E9A8E8EB2}.Debug|Any CPU.Build.0 = Debug|Any CPU
		{113EB92C-7F00-4F77-B69C-CA1E9A8E8EB2}.Release|Any CPU.ActiveCfg = Release|Any CPU
		{113EB92C-7F00-4F77-B69C-CA1E9A8E8EB2}.Release|Any CPU.Build.0 = Release|Any CPU
	EndGlobalSection
	GlobalSection(SolutionProperties) = preSolution
		HideSolutionNode = FALSE
	EndGlobalSection
	GlobalSection(ExtensibilityGlobals) = postSolution
		SolutionGuid = {B8158DB4-3A6B-4C71-AD9E-9937D157455C}
	EndGlobalSection
EndGlobal
